
Microsoft Visual Studio Solution File, Format Version 12.00
# Visual Studio Version 17
VisualStudioVersion = 17.3.32825.248
MinimumVisualStudioVersion = 10.0.40219.1
Project("{FAE04EC0-301F-11D3-BF4B-00C04F79EFBC}") = "SYSTEM-GÁS", "SYSTEM-GÁS\SYSTEM-GÁS.csproj", "{98867573-96C0-4709-9A7A-E91D1DC28852}"
EndProject
Global
	GlobalSection(SolutionConfigurationPlatforms) = preSolution
		Debug|Any CPU = Debug|Any CPU
		Release|Any CPU = Release|Any CPU
	EndGlobalSection
	GlobalSection(ProjectConfigurationPlatforms) = postSolution
		{98867573-96C0-4709-9A7A-E91D1DC28852}.Debug|Any CPU.ActiveCfg = Debug|Any CPU
		{98867573-96C0-4709-9A7A-E91D1DC28852}.Debug|Any CPU.Build.0 = Debug|Any CPU
		{98867573-96C0-4709-9A7A-E91D1DC28852}.Release|Any CPU.ActiveCfg = Release|Any CPU
		{98867573-96C0-4709-9A7A-E91D1DC28852}.Release|Any CPU.Build.0 = Release|Any CPU
	EndGlobalSection
	GlobalSection(SolutionProperties) = preSolution
		HideSolutionNode = FALSE
	EndGlobalSection
	GlobalSection(ExtensibilityGlobals) = postSolution
		SolutionGuid = {EA0FD6FD-6705-43CD-A9B9-BA2FFC184873}
	EndGlobalSection
EndGlobal
